{
  "name": "drumcabulary",
  "lockfileVersion": 3,
  "requires": true,
  "packages": {
    "": {
      "devDependencies": {
        "vexflow": "^4.2.3"
      }
    },
    "node_modules/vexflow": {
      "version": "4.2.5",
      "resolved": "https://registry.npmjs.org/vexflow/-/vexflow-4.2.5.tgz",
      "integrity": "sha512-+P+V2VWFyKcpW4Pwbs0p7nwICRQCzLWvkiPi4RpFlMXh/MRsiN1r7X6yvl1WauoJ4J6pVsnCzTAhC4m1ASlTng==",
      "dev": true,
      "license": "MIT"
    }
  }
}
